PODS:
  - BLKFlexibleHeightBar (1.0.2)
  - Bolts (1.8.4):
    - Bolts/AppLinks (= 1.8.4)
    - Bolts/Tasks (= 1.8.4)
  - Bolts/AppLinks (1.8.4):
    - Bolts/Tasks
  - Bolts/Tasks (1.8.4)
  - ChameleonFramework (2.1.0):
    - ChameleonFramework/Default (= 2.1.0)
  - ChameleonFramework/Default (2.1.0)
  - DGActivityIndicatorView (2.1.1)
  - DZNEmptyDataSet (1.8.1)
  - EFCircularSlider (0.2.0)
  - FBSDKCoreKit (4.17.0):
    - Bolts (~> 1.7)
  - FBSDKLoginKit (4.17.0):
    - FBSDKCoreKit
  - FBSDKShareKit (4.17.0):
    - FBSDKCoreKit
  - FontAwesomeKit (2.2.0):
    - FontAwesomeKit/Core (= 2.2.0)
    - FontAwesomeKit/FontAwesome (= 2.2.0)
    - FontAwesomeKit/FoundationIcons (= 2.2.0)
    - FontAwesomeKit/IonIcons (= 2.2.0)
    - FontAwesomeKit/Zocial (= 2.2.0)
  - FontAwesomeKit/Core (2.2.0)
  - FontAwesomeKit/FontAwesome (2.2.0):
    - FontAwesomeKit/Core
  - FontAwesomeKit/FoundationIcons (2.2.0):
    - FontAwesomeKit/Core
  - FontAwesomeKit/IonIcons (2.2.0):
    - FontAwesomeKit/Core
  - FontAwesomeKit/Zocial (2.2.0):
    - FontAwesomeKit/Core
  - FSOpenInWhatsApp (2.1)
  - Google-Mobile-Ads-SDK (7.15.0)
  - GoogleConversionTracking (3.4.0)
  - iRate (1.11.7)
  - MGSwipeTableCell (1.5.6)
  - MMDrawerController (0.6.0):
    - MMDrawerController/Core (= 0.6.0)
    - MMDrawerController/MMDrawerBarButtonItem (= 0.6.0)
    - MMDrawerController/MMDrawerVisualStates (= 0.6.0)
    - MMDrawerController/Subclass (= 0.6.0)
  - MMDrawerController/Core (0.6.0)
  - MMDrawerController/MMDrawerBarButtonItem (0.6.0):
    - MMDrawerController/Core
  - MMDrawerController/MMDrawerVisualStates (0.6.0):
    - MMDrawerController/Core
  - MMDrawerController/Subclass (0.6.0):
    - MMDrawerController/Core
  - Onboard (2.3.1)
  - RKDropdownAlert (0.3.0)
  - Spring (1.0.3)

DEPENDENCIES:
  - BLKFlexibleHeightBar
  - ChameleonFramework
  - DGActivityIndicatorView
  - DZNEmptyDataSet
  - EFCircularSlider (> 0.1.0)
  - FBSDKCoreKit
  - FBSDKLoginKit
  - FBSDKShareKit
  - FontAwesomeKit (~> 2.2.0)
  - FontAwesomeKit/FoundationIcons
  - FontAwesomeKit/IonIcons
  - FontAwesomeKit/Zocial
  - FSOpenInWhatsApp (~> 2.1)
  - Google-Mobile-Ads-SDK (~> 7.0)
  - GoogleConversionTracking
  - iRate
  - MGSwipeTableCell
  - MMDrawerController (~> 0.6)
  - Onboard
  - RKDropdownAlert
  - Spring (from `https://github.com/MengTo/Spring.git`, branch `swift3`)

EXTERNAL SOURCES:
  Spring:
    :branch: swift3
    :git: https://github.com/MengTo/Spring.git

CHECKOUT OPTIONS:
  Spring:
    :commit: 3a9227c6e9157e7b47f5ac1ee5abab2a56b50002
    :git: https://github.com/MengTo/Spring.git

SPEC CHECKSUMS:
  BLKFlexibleHeightBar: b27572a69633d8e33f1f2bbc486b04d8e86f742d
  Bolts: 8a7995239dbe724f9cba2248b766d48b7ebdd322
  ChameleonFramework: d21a3cc247abfe5e37609a283a8238b03575cf64
  DGActivityIndicatorView: ff2c76073d79692f724863c8dd38685866a03cb6
  DZNEmptyDataSet: 9525833b9e68ac21c30253e1d3d7076cc828eaa7
  EFCircularSlider: 3af1dd6f86eb3eeeeaab0345ef3d6d1c2fc93d17
  FBSDKCoreKit: 30a21d2d7b92984b3d80497113433c00824c35e9
  FBSDKLoginKit: 42b7129ac0373ca99eaf4cbebf4d07bd42371f59
  FBSDKShareKit: 9b573d03fbee36cbaf42d5bb1f2bc019e0d72347
  FontAwesomeKit: 025fd4dd1017fe4e3f8d47b03e024deedbb33cd4
  FSOpenInWhatsApp: 9122fd285faef1ef5c980b4acb649eece9720a3e
  Google-Mobile-Ads-SDK: 75d41dfcf06f7666ab211573d212768b0f766c5d
  GoogleConversionTracking: ca8c89abda2bd28bb6472b316eeb4ece9264e279
  iRate: adae3f183d83c925ac42d7a2e86e89e838963f57
  MGSwipeTableCell: 616700eb0ffd1c611ba909066cb7fd739790a0a7
  MMDrawerController: e3a54a5570388463ad3b36975251575b50c4e1a0
  Onboard: b6871f25ac753175b2ab9a362fb2feb26a81a311
  RKDropdownAlert: f4b3364c251829ad439dc666836a1f2dad26f4c7
  Spring: 3f02b5dc3308572ef177b3cad0fa7bbc4b0706f7

PODFILE CHECKSUM: 48c7426fa64b903dfbe880cfebe7bd19de03589a

COCOAPODS: 1.1.0.rc.2
