PODS:
  - EFCircularSlider (0.2.0)
  - MMDrawerController (0.6.0):
    - MMDrawerController/Core (= 0.6.0)
    - MMDrawerController/MMDrawerBarButtonItem (= 0.6.0)
    - MMDrawerController/MMDrawerVisualStates (= 0.6.0)
    - MMDrawerController/Subclass (= 0.6.0)
  - MMDrawerController/Core (0.6.0)
  - MMDrawerController/MMDrawerBarButtonItem (0.6.0):
    - MMDrawerController/Core
  - MMDrawerController/MMDrawerVisualStates (0.6.0):
    - MMDrawerController/Core
  - MMDrawerController/Subclass (0.6.0):
    - MMDrawerController/Core

DEPENDENCIES:
  - EFCircularSlider (> 0.1.0)
  - MMDrawerController (~> 0.6)

SPEC CHECKSUMS:
  EFCircularSlider: 3af1dd6f86eb3eeeeaab0345ef3d6d1c2fc93d17
  MMDrawerController: e3a54a5570388463ad3b36975251575b50c4e1a0

COCOAPODS: 0.39.0
